// !$*UTF8*$!
{
	archiveVersion = 1;
	classes = {
	};
	objectVersion = 46;
	objects = {

/* Begin PBXBuildFile section */
		AD8A819018FC863F0015E54C /* Cocoa.framework in Frameworks */ = {isa = PBXBuildFile; fileRef = AD8A818F18FC863F0015E54C /* Cocoa.framework */; };
		AD8A819A18FC863F0015E54C /* InfoPlist.strings in Resources */ = {isa = PBXBuildFile; fileRef = AD8A819818FC863F0015E54C /* InfoPlist.strings */; };
		AD8A819C18FC863F0015E54C /* main.m in Sources */ = {isa = PBXBuildFile; fileRef = AD8A819B18FC863F0015E54C /* main.m */; };
		AD8A81A018FC863F0015E54C /* Credits.rtf in Resources */ = {isa = PBXBuildFile; fileRef = AD8A819E18FC863F0015E54C /* Credits.rtf */; };
		AD8A81A318FC863F0015E54C /* AppDelegate.mm in Sources */ = {isa = PBXBuildFile; fileRef = AD8A81A218FC863F0015E54C /* AppDelegate.mm */; };
		AD8A81A618FC863F0015E54C /* MainMenu.xib in Resources */ = {isa = PBXBuildFile; fileRef = AD8A81A418FC863F0015E54C /* MainMenu.xib */; };
		AD8A81A818FC863F0015E54C /* Images.xcassets in Resources */ = {isa = PBXBuildFile; fileRef = AD8A81A718FC863F0015E54C /* Images.xcassets */; };
		AD8A81AF18FC86400015E54C /* XCTest.framework in Frameworks */ = {isa = PBXBuildFile; fileRef = AD8A81AE18FC86400015E54C /* XCTest.framework */; };
		AD8A81B018FC86400015E54C /* Cocoa.framework in Frameworks */ = {isa = PBXBuildFile; fileRef = AD8A818F18FC863F0015E54C /* Cocoa.framework */; };
		AD8A81B818FC86400015E54C /* InfoPlist.strings in Resources */ = {isa = PBXBuildFile; fileRef = AD8A81B618FC86400015E54C /* InfoPlist.strings */; };
		AD8A81BA18FC86400015E54C /* EEG2OSCTests.m in Sources */ = {isa = PBXBuildFile; fileRef = AD8A81B918FC86400015E54C /* EEG2OSCTests.m */; };
		AD8A81CA18FC88A00015E54C /* libedk_ultils_mac.dylib in Frameworks */ = {isa = PBXBuildFile; fileRef = AD8A81C718FC88A00015E54C /* libedk_ultils_mac.dylib */; };
		AD8A81CB18FC88A00015E54C /* libedk.1.0.0.dylib in Frameworks */ = {isa = PBXBuildFile; fileRef = AD8A81C818FC88A00015E54C /* libedk.1.0.0.dylib */; };
		AD8A81CC18FC88A00015E54C /* libiomp5.dylib in Frameworks */ = {isa = PBXBuildFile; fileRef = AD8A81C918FC88A00015E54C /* libiomp5.dylib */; };
		AD97B0B918FD24B0005155EB /* F53OSCBundle.m in Sources */ = {isa = PBXBuildFile; fileRef = AD97B09A18FD24B0005155EB /* F53OSCBundle.m */; };
		AD97B0BA18FD24B0005155EB /* F53OSCClient.m in Sources */ = {isa = PBXBuildFile; fileRef = AD97B09C18FD24B0005155EB /* F53OSCClient.m */; };
		AD97B0BB18FD24B0005155EB /* F53OSCMessage.m in Sources */ = {isa = PBXBuildFile; fileRef = AD97B09F18FD24B0005155EB /* F53OSCMessage.m */; };
		AD97B0BC18FD24B0005155EB /* F53OSCPacket.m in Sources */ = {isa = PBXBuildFile; fileRef = AD97B0A118FD24B0005155EB /* F53OSCPacket.m */; };
		AD97B0BD18FD24B0005155EB /* F53OSCParser.m in Sources */ = {isa = PBXBuildFile; fileRef = AD97B0A318FD24B0005155EB /* F53OSCParser.m */; };
		AD97B0BE18FD24B0005155EB /* F53OSCServer.m in Sources */ = {isa = PBXBuildFile; fileRef = AD97B0A618FD24B0005155EB /* F53OSCServer.m */; };
		AD97B0BF18FD24B0005155EB /* F53OSCSocket.m in Sources */ = {isa = PBXBuildFile; fileRef = AD97B0A818FD24B0005155EB /* F53OSCSocket.m */; };
		AD97B0C018FD24B0005155EB /* F53OSCTimeTag.m in Sources */ = {isa = PBXBuildFile; fileRef = AD97B0AA18FD24B0005155EB /* F53OSCTimeTag.m */; };
		AD97B0C118FD24B0005155EB /* GCDAsyncSocket.m in Sources */ = {isa = PBXBuildFile; fileRef = AD97B0AC18FD24B0005155EB /* GCDAsyncSocket.m */; };
		AD97B0C218FD24B0005155EB /* GCDAsyncUdpSocket.m in Sources */ = {isa = PBXBuildFile; fileRef = AD97B0AE18FD24B0005155EB /* GCDAsyncUdpSocket.m */; };
		AD97B0C318FD24B0005155EB /* LICENSE.txt in Resources */ = {isa = PBXBuildFile; fileRef = AD97B0AF18FD24B0005155EB /* LICENSE.txt */; };
		AD97B0C418FD24B0005155EB /* NSData+F53OSCBlob.m in Sources */ = {isa = PBXBuildFile; fileRef = AD97B0B118FD24B0005155EB /* NSData+F53OSCBlob.m */; };
		AD97B0C518FD24B0005155EB /* NSDate+F53OSCTimeTag.m in Sources */ = {isa = PBXBuildFile; fileRef = AD97B0B318FD24B0005155EB /* NSDate+F53OSCTimeTag.m */; };
		AD97B0C618FD24B0005155EB /* NSNumber+F53OSCNumber.m in Sources */ = {isa = PBXBuildFile; fileRef = AD97B0B518FD24B0005155EB /* NSNumber+F53OSCNumber.m */; };
		AD97B0C718FD24B0005155EB /* NSString+F53OSCString.m in Sources */ = {isa = PBXBuildFile; fileRef = AD97B0B718FD24B0005155EB /* NSString+F53OSCString.m */; };
		AD97B0C818FD24B0005155EB /* README.markdown in Resources */ = {isa = PBXBuildFile; fileRef = AD97B0B818FD24B0005155EB /* README.markdown */; };
/* End PBXBuildFile section */

/* Begin PBXContainerItemProxy section */
		AD8A81B118FC86400015E54C /* PBXContainerItemProxy */ = {
			isa = PBXContainerItemProxy;
			containerPortal = AD8A818418FC863F0015E54C /* Project object */;
			proxyType = 1;
			remoteGlobalIDString = AD8A818B18FC863F0015E54C;
			remoteInfo = EEG2OSC;
		};
/* End PBXContainerItemProxy section */

/* Begin PBXFileReference section */
		AD8A818C18FC863F0015E54C /* EEG2OSC.app */ = {isa = PBXFileReference; explicitFileType = wrapper.application; includeInIndex = 0; path = EEG2OSC.app; sourceTree = BUILT_PRODUCTS_DIR; };
		AD8A818F18FC863F0015E54C /* Cocoa.framework */ = {isa = PBXFileReference; lastKnownFileType = wrapper.framework; name = Cocoa.framework; path = System/Library/Frameworks/Cocoa.framework; sourceTree = SDKROOT; };
		AD8A819218FC863F0015E54C /* AppKit.framework */ = {isa = PBXFileReference; lastKnownFileType = wrapper.framework; name = AppKit.framework; path = System/Library/Frameworks/AppKit.framework; sourceTree = SDKROOT; };
		AD8A819318FC863F0015E54C /* CoreData.framework */ = {isa = PBXFileReference; lastKnownFileType = wrapper.framework; name = CoreData.framework; path = System/Library/Frameworks/CoreData.framework; sourceTree = SDKROOT; };
		AD8A819418FC863F0015E54C /* Foundation.framework */ = {isa = PBXFileReference; lastKnownFileType = wrapper.framework; name = Foundation.framework; path = System/Library/Frameworks/Foundation.framework; sourceTree = SDKROOT; };
		AD8A819718FC863F0015E54C /* EEG2OSC-Info.plist */ = {isa = PBXFileReference; lastKnownFileType = text.plist.xml; path = "EEG2OSC-Info.plist"; sourceTree = "<group>"; };
		AD8A819918FC863F0015E54C /* en */ = {isa = PBXFileReference; lastKnownFileType = text.plist.strings; name = en; path = en.lproj/InfoPlist.strings; sourceTree = "<group>"; };
		AD8A819B18FC863F0015E54C /* main.m */ = {isa = PBXFileReference; lastKnownFileType = sourcecode.c.objc; path = main.m; sourceTree = "<group>"; };
		AD8A819D18FC863F0015E54C /* EEG2OSC-Prefix.pch */ = {isa = PBXFileReference; lastKnownFileType = sourcecode.c.h; path = "EEG2OSC-Prefix.pch"; sourceTree = "<group>"; };
		AD8A819F18FC863F0015E54C /* en */ = {isa = PBXFileReference; lastKnownFileType = text.rtf; name = en; path = en.lproj/Credits.rtf; sourceTree = "<group>"; };
		AD8A81A118FC863F0015E54C /* AppDelegate.h */ = {isa = PBXFileReference; lastKnownFileType = sourcecode.c.h; path = AppDelegate.h; sourceTree = "<group>"; };
		AD8A81A218FC863F0015E54C /* AppDelegate.mm */ = {isa = PBXFileReference; lastKnownFileType = sourcecode.cpp.objcpp; path = AppDelegate.mm; sourceTree = "<group>"; };
		AD8A81A518FC863F0015E54C /* Base */ = {isa = PBXFileReference; lastKnownFileType = file.xib; name = Base; path = Base.lproj/MainMenu.xib; sourceTree = "<group>"; };
		AD8A81A718FC863F0015E54C /* Images.xcassets */ = {isa = PBXFileReference; lastKnownFileType = folder.assetcatalog; path = Images.xcassets; sourceTree = "<group>"; };
		AD8A81AD18FC86400015E54C /* EEG2OSCTests.xctest */ = {isa = PBXFileReference; explicitFileType = wrapper.cfbundle; includeInIndex = 0; path = EEG2OSCTests.xctest; sourceTree = BUILT_PRODUCTS_DIR; };
		AD8A81AE18FC86400015E54C /* XCTest.framework */ = {isa = PBXFileReference; lastKnownFileType = wrapper.framework; name = XCTest.framework; path = Library/Frameworks/XCTest.framework; sourceTree = DEVELOPER_DIR; };
		AD8A81B518FC86400015E54C /* EEG2OSCTests-Info.plist */ = {isa = PBXFileReference; lastKnownFileType = text.plist.xml; path = "EEG2OSCTests-Info.plist"; sourceTree = "<group>"; };
		AD8A81B718FC86400015E54C /* en */ = {isa = PBXFileReference; lastKnownFileType = text.plist.strings; name = en; path = en.lproj/InfoPlist.strings; sourceTree = "<group>"; };
		AD8A81B918FC86400015E54C /* EEG2OSCTests.m */ = {isa = PBXFileReference; lastKnownFileType = sourcecode.c.objc; path = EEG2OSCTests.m; sourceTree = "<group>"; };
		AD8A81C418FC88890015E54C /* edk.h */ = {isa = PBXFileReference; fileEncoding = 4; lastKnownFileType = sourcecode.c.h; path = edk.h; sourceTree = "<group>"; };
		AD8A81C518FC88890015E54C /* edkErrorCode.h */ = {isa = PBXFileReference; fileEncoding = 4; lastKnownFileType = sourcecode.c.h; path = edkErrorCode.h; sourceTree = "<group>"; };
		AD8A81C618FC88890015E54C /* EmoStateDLL.h */ = {isa = PBXFileReference; fileEncoding = 4; lastKnownFileType = sourcecode.c.h; path = EmoStateDLL.h; sourceTree = "<group>"; };
		AD8A81C718FC88A00015E54C /* libedk_ultils_mac.dylib */ = {isa = PBXFileReference; lastKnownFileType = "compiled.mach-o.dylib"; name = libedk_ultils_mac.dylib; path = "../../../../../../../usr/local/lib/EmotivSDKLib-PREMIUM/libedk_ultils_mac.dylib"; sourceTree = "<group>"; };
		AD8A81C818FC88A00015E54C /* libedk.1.0.0.dylib */ = {isa = PBXFileReference; lastKnownFileType = "compiled.mach-o.dylib"; name = libedk.1.0.0.dylib; path = "../../../../../../../usr/local/lib/EmotivSDKLib-PREMIUM/libedk.1.0.0.dylib"; sourceTree = "<group>"; };
		AD8A81C918FC88A00015E54C /* libiomp5.dylib */ = {isa = PBXFileReference; lastKnownFileType = "compiled.mach-o.dylib"; name = libiomp5.dylib; path = "../../../../../../../usr/local/lib/EmotivSDKLib-PREMIUM/libiomp5.dylib"; sourceTree = "<group>"; };
		AD97B09818FD24B0005155EB /* F53OSC.h */ = {isa = PBXFileReference; fileEncoding = 4; lastKnownFileType = sourcecode.c.h; path = F53OSC.h; sourceTree = "<group>"; };
		AD97B09918FD24B0005155EB /* F53OSCBundle.h */ = {isa = PBXFileReference; fileEncoding = 4; lastKnownFileType = sourcecode.c.h; path = F53OSCBundle.h; sourceTree = "<group>"; };
		AD97B09A18FD24B0005155EB /* F53OSCBundle.m */ = {isa = PBXFileReference; fileEncoding = 4; lastKnownFileType = sourcecode.c.objc; path = F53OSCBundle.m; sourceTree = "<group>"; };
		AD97B09B18FD24B0005155EB /* F53OSCClient.h */ = {isa = PBXFileReference; fileEncoding = 4; lastKnownFileType = sourcecode.c.h; path = F53OSCClient.h; sourceTree = "<group>"; };
		AD97B09C18FD24B0005155EB /* F53OSCClient.m */ = {isa = PBXFileReference; fileEncoding = 4; lastKnownFileType = sourcecode.c.objc; path = F53OSCClient.m; sourceTree = "<group>"; };
		AD97B09D18FD24B0005155EB /* F53OSCFoundationAdditions.h */ = {isa = PBXFileReference; fileEncoding = 4; lastKnownFileType = sourcecode.c.h; path = F53OSCFoundationAdditions.h; sourceTree = "<group>"; };
		AD97B09E18FD24B0005155EB /* F53OSCMessage.h */ = {isa = PBXFileReference; fileEncoding = 4; lastKnownFileType = sourcecode.c.h; path = F53OSCMessage.h; sourceTree = "<group>"; };
		AD97B09F18FD24B0005155EB /* F53OSCMessage.m */ = {isa = PBXFileReference; fileEncoding = 4; lastKnownFileType = sourcecode.c.objc; path = F53OSCMessage.m; sourceTree = "<group>"; };
		AD97B0A018FD24B0005155EB /* F53OSCPacket.h */ = {isa = PBXFileReference; fileEncoding = 4; lastKnownFileType = sourcecode.c.h; path = F53OSCPacket.h; sourceTree = "<group>"; };
		AD97B0A118FD24B0005155EB /* F53OSCPacket.m */ = {isa = PBXFileReference; fileEncoding = 4; lastKnownFileType = sourcecode.c.objc; path = F53OSCPacket.m; sourceTree = "<group>"; };
		AD97B0A218FD24B0005155EB /* F53OSCParser.h */ = {isa = PBXFileReference; fileEncoding = 4; lastKnownFileType = sourcecode.c.h; path = F53OSCParser.h; sourceTree = "<group>"; };
		AD97B0A318FD24B0005155EB /* F53OSCParser.m */ = {isa = PBXFileReference; fileEncoding = 4; lastKnownFileType = sourcecode.c.objc; path = F53OSCParser.m; sourceTree = "<group>"; };
		AD97B0A418FD24B0005155EB /* F53OSCProtocols.h */ = {isa = PBXFileReference; fileEncoding = 4; lastKnownFileType = sourcecode.c.h; path = F53OSCProtocols.h; sourceTree = "<group>"; };
		AD97B0A518FD24B0005155EB /* F53OSCServer.h */ = {isa = PBXFileReference; fileEncoding = 4; lastKnownFileType = sourcecode.c.h; path = F53OSCServer.h; sourceTree = "<group>"; };
		AD97B0A618FD24B0005155EB /* F53OSCServer.m */ = {isa = PBXFileReference; fileEncoding = 4; lastKnownFileType = sourcecode.c.objc; path = F53OSCServer.m; sourceTree = "<group>"; };
		AD97B0A718FD24B0005155EB /* F53OSCSocket.h */ = {isa = PBXFileReference; fileEncoding = 4; lastKnownFileType = sourcecode.c.h; path = F53OSCSocket.h; sourceTree = "<group>"; };
		AD97B0A818FD24B0005155EB /* F53OSCSocket.m */ = {isa = PBXFileReference; fileEncoding = 4; lastKnownFileType = sourcecode.c.objc; path = F53OSCSocket.m; sourceTree = "<group>"; };
		AD97B0A918FD24B0005155EB /* F53OSCTimeTag.h */ = {isa = PBXFileReference; fileEncoding = 4; lastKnownFileType = sourcecode.c.h; path = F53OSCTimeTag.h; sourceTree = "<group>"; };
		AD97B0AA18FD24B0005155EB /* F53OSCTimeTag.m */ = {isa = PBXFileReference; fileEncoding = 4; lastKnownFileType = sourcecode.c.objc; path = F53OSCTimeTag.m; sourceTree = "<group>"; };
		AD97B0AB18FD24B0005155EB /* GCDAsyncSocket.h */ = {isa = PBXFileReference; fileEncoding = 4; lastKnownFileType = sourcecode.c.h; path = GCDAsyncSocket.h; sourceTree = "<group>"; };
		AD97B0AC18FD24B0005155EB /* GCDAsyncSocket.m */ = {isa = PBXFileReference; fileEncoding = 4; lastKnownFileType = sourcecode.c.objc; path = GCDAsyncSocket.m; sourceTree = "<group>"; };
		AD97B0AD18FD24B0005155EB /* GCDAsyncUdpSocket.h */ = {isa = PBXFileReference; fileEncoding = 4; lastKnownFileType = sourcecode.c.h; path = GCDAsyncUdpSocket.h; sourceTree = "<group>"; };
		AD97B0AE18FD24B0005155EB /* GCDAsyncUdpSocket.m */ = {isa = PBXFileReference; fileEncoding = 4; lastKnownFileType = sourcecode.c.objc; path = GCDAsyncUdpSocket.m; sourceTree = "<group>"; };
		AD97B0AF18FD24B0005155EB /* LICENSE.txt */ = {isa = PBXFileReference; fileEncoding = 4; lastKnownFileType = text; path = LICENSE.txt; sourceTree = "<group>"; };
		AD97B0B018FD24B0005155EB /* NSData+F53OSCBlob.h */ = {isa = PBXFileReference; fileEncoding = 4; lastKnownFileType = sourcecode.c.h; path = "NSData+F53OSCBlob.h"; sourceTree = "<group>"; };
		AD97B0B118FD24B0005155EB /* NSData+F53OSCBlob.m */ = {isa = PBXFileReference; fileEncoding = 4; lastKnownFileType = sourcecode.c.objc; path = "NSData+F53OSCBlob.m"; sourceTree = "<group>"; };
		AD97B0B218FD24B0005155EB /* NSDate+F53OSCTimeTag.h */ = {isa = PBXFileReference; fileEncoding = 4; lastKnownFileType = sourcecode.c.h; path = "NSDate+F53OSCTimeTag.h"; sourceTree = "<group>"; };
		AD97B0B318FD24B0005155EB /* NSDate+F53OSCTimeTag.m */ = {isa = PBXFileReference; fileEncoding = 4; lastKnownFileType = sourcecode.c.objc; path = "NSDate+F53OSCTimeTag.m"; sourceTree = "<group>"; };
		AD97B0B418FD24B0005155EB /* NSNumber+F53OSCNumber.h */ = {isa = PBXFileReference; fileEncoding = 4; lastKnownFileType = sourcecode.c.h; path = "NSNumber+F53OSCNumber.h"; sourceTree = "<group>"; };
		AD97B0B518FD24B0005155EB /* NSNumber+F53OSCNumber.m */ = {isa = PBXFileReference; fileEncoding = 4; lastKnownFileType = sourcecode.c.objc; path = "NSNumber+F53OSCNumber.m"; sourceTree = "<group>"; };
		AD97B0B618FD24B0005155EB /* NSString+F53OSCString.h */ = {isa = PBXFileReference; fileEncoding = 4; lastKnownFileType = sourcecode.c.h; path = "NSString+F53OSCString.h"; sourceTree = "<group>"; };
		AD97B0B718FD24B0005155EB /* NSString+F53OSCString.m */ = {isa = PBXFileReference; fileEncoding = 4; lastKnownFileType = sourcecode.c.objc; path = "NSString+F53OSCString.m"; sourceTree = "<group>"; };
		AD97B0B818FD24B0005155EB /* README.markdown */ = {isa = PBXFileReference; fileEncoding = 4; lastKnownFileType = text; path = README.markdown; sourceTree = "<group>"; };
/* End PBXFileReference section */

/* Begin PBXFrameworksBuildPhase section */
		AD8A818918FC863F0015E54C /* Frameworks */ = {
			isa = PBXFrameworksBuildPhase;
			buildActionMask = 2147483647;
			files = (
				AD8A81CA18FC88A00015E54C /* libedk_ultils_mac.dylib in Frameworks */,
				AD8A81CB18FC88A00015E54C /* libedk.1.0.0.dylib in Frameworks */,
				AD8A81CC18FC88A00015E54C /* libiomp5.dylib in Frameworks */,
				AD8A819018FC863F0015E54C /* Cocoa.framework in Frameworks */,
			);
			runOnlyForDeploymentPostprocessing = 0;
		};
		AD8A81AA18FC86400015E54C /* Frameworks */ = {
			isa = PBXFrameworksBuildPhase;
			buildActionMask = 2147483647;
			files = (
				AD8A81B018FC86400015E54C /* Cocoa.framework in Frameworks */,
				AD8A81AF18FC86400015E54C /* XCTest.framework in Frameworks */,
			);
			runOnlyForDeploymentPostprocessing = 0;
		};
/* End PBXFrameworksBuildPhase section */

/* Begin PBXGroup section */
		AD8A818318FC863F0015E54C = {
			isa = PBXGroup;
			children = (
				AD8A819518FC863F0015E54C /* EEG2OSC */,
				AD8A81B318FC86400015E54C /* EEG2OSCTests */,
				AD8A818E18FC863F0015E54C /* Frameworks */,
				AD8A818D18FC863F0015E54C /* Products */,
			);
			sourceTree = "<group>";
		};
		AD8A818D18FC863F0015E54C /* Products */ = {
			isa = PBXGroup;
			children = (
				AD8A818C18FC863F0015E54C /* EEG2OSC.app */,
				AD8A81AD18FC86400015E54C /* EEG2OSCTests.xctest */,
			);
			name = Products;
			sourceTree = "<group>";
		};
		AD8A818E18FC863F0015E54C /* Frameworks */ = {
			isa = PBXGroup;
			children = (
				AD8A81C718FC88A00015E54C /* libedk_ultils_mac.dylib */,
				AD8A81C818FC88A00015E54C /* libedk.1.0.0.dylib */,
				AD8A81C918FC88A00015E54C /* libiomp5.dylib */,
				AD8A819218FC863F0015E54C /* AppKit.framework */,
				AD8A819318FC863F0015E54C /* CoreData.framework */,
				AD8A819418FC863F0015E54C /* Foundation.framework */,
				AD8A818F18FC863F0015E54C /* Cocoa.framework */,
				AD8A81AE18FC86400015E54C /* XCTest.framework */,
			);
			name = Frameworks;
			sourceTree = "<group>";
		};
		AD8A819518FC863F0015E54C /* EEG2OSC */ = {
			isa = PBXGroup;
			children = (
				AD97B09718FD24B0005155EB /* MetatoneOSC */,
				AD8A81C318FC88650015E54C /* Emotiv */,
				AD8A81A118FC863F0015E54C /* AppDelegate.h */,
				AD8A81A218FC863F0015E54C /* AppDelegate.mm */,
				AD8A81A418FC863F0015E54C /* MainMenu.xib */,
				AD8A81A718FC863F0015E54C /* Images.xcassets */,
				AD8A819618FC863F0015E54C /* Supporting Files */,
			);
			path = EEG2OSC;
			sourceTree = "<group>";
		};
		AD8A819618FC863F0015E54C /* Supporting Files */ = {
			isa = PBXGroup;
			children = (
				AD8A819718FC863F0015E54C /* EEG2OSC-Info.plist */,
				AD8A819818FC863F0015E54C /* InfoPlist.strings */,
				AD8A819B18FC863F0015E54C /* main.m */,
				AD8A819D18FC863F0015E54C /* EEG2OSC-Prefix.pch */,
				AD8A819E18FC863F0015E54C /* Credits.rtf */,
			);
			name = "Supporting Files";
			sourceTree = "<group>";
		};
		AD8A81B318FC86400015E54C /* EEG2OSCTests */ = {
			isa = PBXGroup;
			children = (
				AD8A81B918FC86400015E54C /* EEG2OSCTests.m */,
				AD8A81B418FC86400015E54C /* Supporting Files */,
			);
			path = EEG2OSCTests;
			sourceTree = "<group>";
		};
		AD8A81B418FC86400015E54C /* Supporting Files */ = {
			isa = PBXGroup;
			children = (
				AD8A81B518FC86400015E54C /* EEG2OSCTests-Info.plist */,
				AD8A81B618FC86400015E54C /* InfoPlist.strings */,
			);
			name = "Supporting Files";
			sourceTree = "<group>";
		};
		AD8A81C318FC88650015E54C /* Emotiv */ = {
			isa = PBXGroup;
			children = (
				AD8A81C418FC88890015E54C /* edk.h */,
				AD8A81C518FC88890015E54C /* edkErrorCode.h */,
				AD8A81C618FC88890015E54C /* EmoStateDLL.h */,
			);
			name = Emotiv;
			sourceTree = "<group>";
		};
		AD97B09718FD24B0005155EB /* MetatoneOSC */ = {
			isa = PBXGroup;
			children = (
				AD97B09818FD24B0005155EB /* F53OSC.h */,
				AD97B09918FD24B0005155EB /* F53OSCBundle.h */,
				AD97B09A18FD24B0005155EB /* F53OSCBundle.m */,
				AD97B09B18FD24B0005155EB /* F53OSCClient.h */,
				AD97B09C18FD24B0005155EB /* F53OSCClient.m */,
				AD97B09D18FD24B0005155EB /* F53OSCFoundationAdditions.h */,
				AD97B09E18FD24B0005155EB /* F53OSCMessage.h */,
				AD97B09F18FD24B0005155EB /* F53OSCMessage.m */,
				AD97B0A018FD24B0005155EB /* F53OSCPacket.h */,
				AD97B0A118FD24B0005155EB /* F53OSCPacket.m */,
				AD97B0A218FD24B0005155EB /* F53OSCParser.h */,
				AD97B0A318FD24B0005155EB /* F53OSCParser.m */,
				AD97B0A418FD24B0005155EB /* F53OSCProtocols.h */,
				AD97B0A518FD24B0005155EB /* F53OSCServer.h */,
				AD97B0A618FD24B0005155EB /* F53OSCServer.m */,
				AD97B0A718FD24B0005155EB /* F53OSCSocket.h */,
				AD97B0A818FD24B0005155EB /* F53OSCSocket.m */,
				AD97B0A918FD24B0005155EB /* F53OSCTimeTag.h */,
				AD97B0AA18FD24B0005155EB /* F53OSCTimeTag.m */,
				AD97B0AB18FD24B0005155EB /* GCDAsyncSocket.h */,
				AD97B0AC18FD24B0005155EB /* GCDAsyncSocket.m */,
				AD97B0AD18FD24B0005155EB /* GCDAsyncUdpSocket.h */,
				AD97B0AE18FD24B0005155EB /* GCDAsyncUdpSocket.m */,
				AD97B0AF18FD24B0005155EB /* LICENSE.txt */,
				AD97B0B018FD24B0005155EB /* NSData+F53OSCBlob.h */,
				AD97B0B118FD24B0005155EB /* NSData+F53OSCBlob.m */,
				AD97B0B218FD24B0005155EB /* NSDate+F53OSCTimeTag.h */,
				AD97B0B318FD24B0005155EB /* NSDate+F53OSCTimeTag.m */,
				AD97B0B418FD24B0005155EB /* NSNumber+F53OSCNumber.h */,
				AD97B0B518FD24B0005155EB /* NSNumber+F53OSCNumber.m */,
				AD97B0B618FD24B0005155EB /* NSString+F53OSCString.h */,
				AD97B0B718FD24B0005155EB /* NSString+F53OSCString.m */,
				AD97B0B818FD24B0005155EB /* README.markdown */,
			);
			path = MetatoneOSC;
			sourceTree = SOURCE_ROOT;
		};
/* End PBXGroup section */

/* Begin PBXNativeTarget section */
		AD8A818B18FC863F0015E54C /* EEG2OSC */ = {
			isa = PBXNativeTarget;
			buildConfigurationList = AD8A81BD18FC86400015E54C /* Build configuration list for PBXNativeTarget "EEG2OSC" */;
			buildPhases = (
				AD8A818818FC863F0015E54C /* Sources */,
				AD8A818918FC863F0015E54C /* Frameworks */,
				AD8A818A18FC863F0015E54C /* Resources */,
			);
			buildRules = (
			);
			dependencies = (
			);
			name = EEG2OSC;
			productName = EEG2OSC;
			productReference = AD8A818C18FC863F0015E54C /* EEG2OSC.app */;
			productType = "com.apple.product-type.application";
		};
		AD8A81AC18FC86400015E54C /* EEG2OSCTests */ = {
			isa = PBXNativeTarget;
			buildConfigurationList = AD8A81C018FC86400015E54C /* Build configuration list for PBXNativeTarget "EEG2OSCTests" */;
			buildPhases = (
				AD8A81A918FC86400015E54C /* Sources */,
				AD8A81AA18FC86400015E54C /* Frameworks */,
				AD8A81AB18FC86400015E54C /* Resources */,
			);
			buildRules = (
			);
			dependencies = (
				AD8A81B218FC86400015E54C /* PBXTargetDependency */,
			);
			name = EEG2OSCTests;
			productName = EEG2OSCTests;
			productReference = AD8A81AD18FC86400015E54C /* EEG2OSCTests.xctest */;
			productType = "com.apple.product-type.bundle.unit-test";
		};
/* End PBXNativeTarget section */

/* Begin PBXProject section */
		AD8A818418FC863F0015E54C /* Project object */ = {
			isa = PBXProject;
			attributes = {
				LastUpgradeCheck = 0510;
				ORGANIZATIONNAME = "Szymon Kaliski";
				TargetAttributes = {
					AD8A81AC18FC86400015E54C = {
						TestTargetID = AD8A818B18FC863F0015E54C;
					};
				};
			};
			buildConfigurationList = AD8A818718FC863F0015E54C /* Build configuration list for PBXProject "EEG2OSC" */;
			compatibilityVersion = "Xcode 3.2";
			developmentRegion = English;
			hasScannedForEncodings = 0;
			knownRegions = (
				en,
				Base,
			);
			mainGroup = AD8A818318FC863F0015E54C;
			productRefGroup = AD8A818D18FC863F0015E54C /* Products */;
			projectDirPath = "";
			projectRoot = "";
			targets = (
				AD8A818B18FC863F0015E54C /* EEG2OSC */,
				AD8A81AC18FC86400015E54C /* EEG2OSCTests */,
			);
		};
/* End PBXProject section */

/* Begin PBXResourcesBuildPhase section */
		AD8A818A18FC863F0015E54C /* Resources */ = {
			isa = PBXResourcesBuildPhase;
			buildActionMask = 2147483647;
			files = (
				AD8A819A18FC863F0015E54C /* InfoPlist.strings in Resources */,
				AD8A81A818FC863F0015E54C /* Images.xcassets in Resources */,
				AD97B0C818FD24B0005155EB /* README.markdown in Resources */,
				AD8A81A018FC863F0015E54C /* Credits.rtf in Resources */,
				AD97B0C318FD24B0005155EB /* LICENSE.txt in Resources */,
				AD8A81A618FC863F0015E54C /* MainMenu.xib in Resources */,
			);
			runOnlyForDeploymentPostprocessing = 0;
		};
		AD8A81AB18FC86400015E54C /* Resources */ = {
			isa = PBXResourcesBuildPhase;
			buildActionMask = 2147483647;
			files = (
				AD8A81B818FC86400015E54C /* InfoPlist.strings in Resources */,
			);
			runOnlyForDeploymentPostprocessing = 0;
		};
/* End PBXResourcesBuildPhase section */

/* Begin PBXSourcesBuildPhase section */
		AD8A818818FC863F0015E54C /* Sources */ = {
			isa = PBXSourcesBuildPhase;
			buildActionMask = 2147483647;
			files = (
				AD97B0BB18FD24B0005155EB /* F53OSCMessage.m in Sources */,
				AD97B0C418FD24B0005155EB /* NSData+F53OSCBlob.m in Sources */,
				AD8A81A318FC863F0015E54C /* AppDelegate.mm in Sources */,
				AD8A819C18FC863F0015E54C /* main.m in Sources */,
				AD97B0BE18FD24B0005155EB /* F53OSCServer.m in Sources */,
				AD97B0C218FD24B0005155EB /* GCDAsyncUdpSocket.m in Sources */,
				AD97B0B918FD24B0005155EB /* F53OSCBundle.m in Sources */,
				AD97B0C518FD24B0005155EB /* NSDate+F53OSCTimeTag.m in Sources */,
				AD97B0BC18FD24B0005155EB /* F53OSCPacket.m in Sources */,
				AD97B0C618FD24B0005155EB /* NSNumber+F53OSCNumber.m in Sources */,
				AD97B0BA18FD24B0005155EB /* F53OSCClient.m in Sources */,
				AD97B0BF18FD24B0005155EB /* F53OSCSocket.m in Sources */,
				AD97B0C018FD24B0005155EB /* F53OSCTimeTag.m in Sources */,
				AD97B0C118FD24B0005155EB /* GCDAsyncSocket.m in Sources */,
				AD97B0BD18FD24B0005155EB /* F53OSCParser.m in Sources */,
				AD97B0C718FD24B0005155EB /* NSString+F53OSCString.m in Sources */,
			);
			runOnlyForDeploymentPostprocessing = 0;
		};
		AD8A81A918FC86400015E54C /* Sources */ = {
			isa = PBXSourcesBuildPhase;
			buildActionMask = 2147483647;
			files = (
				AD8A81BA18FC86400015E54C /* EEG2OSCTests.m in Sources */,
			);
			runOnlyForDeploymentPostprocessing = 0;
		};
/* End PBXSourcesBuildPhase section */

/* Begin PBXTargetDependency section */
		AD8A81B218FC86400015E54C /* PBXTargetDependency */ = {
			isa = PBXTargetDependency;
			target = AD8A818B18FC863F0015E54C /* EEG2OSC */;
			targetProxy = AD8A81B118FC86400015E54C /* PBXContainerItemProxy */;
		};
/* End PBXTargetDependency section */

/* Begin PBXVariantGroup section */
		AD8A819818FC863F0015E54C /* InfoPlist.strings */ = {
			isa = PBXVariantGroup;
			children = (
				AD8A819918FC863F0015E54C /* en */,
			);
			name = InfoPlist.strings;
			sourceTree = "<group>";
		};
		AD8A819E18FC863F0015E54C /* Credits.rtf */ = {
			isa = PBXVariantGroup;
			children = (
				AD8A819F18FC863F0015E54C /* en */,
			);
			name = Credits.rtf;
			sourceTree = "<group>";
		};
		AD8A81A418FC863F0015E54C /* MainMenu.xib */ = {
			isa = PBXVariantGroup;
			children = (
				AD8A81A518FC863F0015E54C /* Base */,
			);
			name = MainMenu.xib;
			sourceTree = "<group>";
		};
		AD8A81B618FC86400015E54C /* InfoPlist.strings */ = {
			isa = PBXVariantGroup;
			children = (
				AD8A81B718FC86400015E54C /* en */,
			);
			name = InfoPlist.strings;
			sourceTree = "<group>";
		};
/* End PBXVariantGroup section */

/* Begin XCBuildConfiguration section */
		AD8A81BB18FC86400015E54C /* Debug */ = {
			isa = XCBuildConfiguration;
			buildSettings = {
				ALWAYS_SEARCH_USER_PATHS = NO;
				CLANG_CXX_LANGUAGE_STANDARD = "gnu++0x";
				CLANG_CXX_LIBRARY = "libc++";
				CLANG_ENABLE_MODULES = YES;
				CLANG_ENABLE_OBJC_ARC = YES;
				CLANG_WARN_BOOL_CONVERSION = YES;
				CLANG_WARN_CONSTANT_CONVERSION = YES;
				CLANG_WARN_DIRECT_OBJC_ISA_USAGE = YES_ERROR;
				CLANG_WARN_EMPTY_BODY = YES;
				CLANG_WARN_ENUM_CONVERSION = YES;
				CLANG_WARN_INT_CONVERSION = YES;
				CLANG_WARN_OBJC_ROOT_CLASS = YES_ERROR;
				CLANG_WARN__DUPLICATE_METHOD_MATCH = YES;
				COPY_PHASE_STRIP = NO;
				GCC_C_LANGUAGE_STANDARD = gnu99;
				GCC_DYNAMIC_NO_PIC = NO;
				GCC_ENABLE_OBJC_EXCEPTIONS = YES;
				GCC_OPTIMIZATION_LEVEL = 0;
				GCC_PREPROCESSOR_DEFINITIONS = (
					"DEBUG=1",
					"$(inherited)",
				);
				GCC_SYMBOLS_PRIVATE_EXTERN = NO;
				GCC_WARN_64_TO_32_BIT_CONVERSION = YES;
				GCC_WARN_ABOUT_RETURN_TYPE = YES_ERROR;
				GCC_WARN_UNDECLARED_SELECTOR = YES;
				GCC_WARN_UNINITIALIZED_AUTOS = YES_AGGRESSIVE;
				GCC_WARN_UNUSED_FUNCTION = YES;
				GCC_WARN_UNUSED_VARIABLE = YES;
				MACOSX_DEPLOYMENT_TARGET = 10.9;
				ONLY_ACTIVE_ARCH = YES;
				SDKROOT = macosx;
			};
			name = Debug;
		};
		AD8A81BC18FC86400015E54C /* Release */ = {
			isa = XCBuildConfiguration;
			buildSettings = {
				ALWAYS_SEARCH_USER_PATHS = NO;
				CLANG_CXX_LANGUAGE_STANDARD = "gnu++0x";
				CLANG_CXX_LIBRARY = "libc++";
				CLANG_ENABLE_MODULES = YES;
				CLANG_ENABLE_OBJC_ARC = YES;
				CLANG_WARN_BOOL_CONVERSION = YES;
				CLANG_WARN_CONSTANT_CONVERSION = YES;
				CLANG_WARN_DIRECT_OBJC_ISA_USAGE = YES_ERROR;
				CLANG_WARN_EMPTY_BODY = YES;
				CLANG_WARN_ENUM_CONVERSION = YES;
				CLANG_WARN_INT_CONVERSION = YES;
				CLANG_WARN_OBJC_ROOT_CLASS = YES_ERROR;
				CLANG_WARN__DUPLICATE_METHOD_MATCH = YES;
				COPY_PHASE_STRIP = YES;
				DEBUG_INFORMATION_FORMAT = "dwarf-with-dsym";
				ENABLE_NS_ASSERTIONS = NO;
				GCC_C_LANGUAGE_STANDARD = gnu99;
				GCC_ENABLE_OBJC_EXCEPTIONS = YES;
				GCC_WARN_64_TO_32_BIT_CONVERSION = YES;
				GCC_WARN_ABOUT_RETURN_TYPE = YES_ERROR;
				GCC_WARN_UNDECLARED_SELECTOR = YES;
				GCC_WARN_UNINITIALIZED_AUTOS = YES_AGGRESSIVE;
				GCC_WARN_UNUSED_FUNCTION = YES;
				GCC_WARN_UNUSED_VARIABLE = YES;
				MACOSX_DEPLOYMENT_TARGET = 10.9;
				SDKROOT = macosx;
			};
			name = Release;
		};
		AD8A81BE18FC86400015E54C /* Debug */ = {
			isa = XCBuildConfiguration;
			buildSettings = {
				ASSETCATALOG_COMPILER_APPICON_NAME = AppIcon;
				COMBINE_HIDPI_IMAGES = YES;
				GCC_PRECOMPILE_PREFIX_HEADER = YES;
				GCC_PREFIX_HEADER = "EEG2OSC/EEG2OSC-Prefix.pch";
				INFOPLIST_FILE = "EEG2OSC/EEG2OSC-Info.plist";
				LIBRARY_SEARCH_PATHS = (
					"$(inherited)",
					"/usr/local/lib/EmotivSDKLib-PREMIUM",
				);
				PRODUCT_NAME = "$(TARGET_NAME)";
				WRAPPER_EXTENSION = app;
			};
			name = Debug;
		};
		AD8A81BF18FC86400015E54C /* Release */ = {
			isa = XCBuildConfiguration;
			buildSettings = {
				ASSETCATALOG_COMPILER_APPICON_NAME = AppIcon;
				COMBINE_HIDPI_IMAGES = YES;
				GCC_PRECOMPILE_PREFIX_HEADER = YES;
				GCC_PREFIX_HEADER = "EEG2OSC/EEG2OSC-Prefix.pch";
				INFOPLIST_FILE = "EEG2OSC/EEG2OSC-Info.plist";
				LIBRARY_SEARCH_PATHS = (
					"$(inherited)",
					"/usr/local/lib/EmotivSDKLib-PREMIUM",
				);
				PRODUCT_NAME = "$(TARGET_NAME)";
				WRAPPER_EXTENSION = app;
			};
			name = Release;
		};
		AD8A81C118FC86400015E54C /* Debug */ = {
			isa = XCBuildConfiguration;
			buildSettings = {
				BUNDLE_LOADER = "$(BUILT_PRODUCTS_DIR)/EEG2OSC.app/Contents/MacOS/EEG2OSC";
				COMBINE_HIDPI_IMAGES = YES;
				FRAMEWORK_SEARCH_PATHS = (
					"$(DEVELOPER_FRAMEWORKS_DIR)",
					"$(inherited)",
				);
				GCC_PRECOMPILE_PREFIX_HEADER = YES;
				GCC_PREFIX_HEADER = "EEG2OSC/EEG2OSC-Prefix.pch";
				GCC_PREPROCESSOR_DEFINITIONS = (
					"DEBUG=1",
					"$(inherited)",
				);
				INFOPLIST_FILE = "EEG2OSCTests/EEG2OSCTests-Info.plist";
				PRODUCT_NAME = "$(TARGET_NAME)";
				TEST_HOST = "$(BUNDLE_LOADER)";
				WRAPPER_EXTENSION = xctest;
			};
			name = Debug;
		};
		AD8A81C218FC86400015E54C /* Release */ = {
			isa = XCBuildConfiguration;
			buildSettings = {
				BUNDLE_LOADER = "$(BUILT_PRODUCTS_DIR)/EEG2OSC.app/Contents/MacOS/EEG2OSC";
				COMBINE_HIDPI_IMAGES = YES;
				FRAMEWORK_SEARCH_PATHS = (
					"$(DEVELOPER_FRAMEWORKS_DIR)",
					"$(inherited)",
				);
				GCC_PRECOMPILE_PREFIX_HEADER = YES;
				GCC_PREFIX_HEADER = "EEG2OSC/EEG2OSC-Prefix.pch";
				INFOPLIST_FILE = "EEG2OSCTests/EEG2OSCTests-Info.plist";
				PRODUCT_NAME = "$(TARGET_NAME)";
				TEST_HOST = "$(BUNDLE_LOADER)";
				WRAPPER_EXTENSION = xctest;
			};
			name = Release;
		};
/* End XCBuildConfiguration section */

/* Begin XCConfigurationList section */
		AD8A818718FC863F0015E54C /* Build configuration list for PBXProject "EEG2OSC" */ = {
			isa = XCConfigurationList;
			buildConfigurations = (
				AD8A81BB18FC86400015E54C /* Debug */,
				AD8A81BC18FC86400015E54C /* Release */,
			);
			defaultConfigurationIsVisible = 0;
			defaultConfigurationName = Release;
		};
		AD8A81BD18FC86400015E54C /* Build configuration list for PBXNativeTarget "EEG2OSC" */ = {
			isa = XCConfigurationList;
			buildConfigurations = (
				AD8A81BE18FC86400015E54C /* Debug */,
				AD8A81BF18FC86400015E54C /* Release */,
			);
			defaultConfigurationIsVisible = 0;
			defaultConfigurationName = Release;
		};
		AD8A81C018FC86400015E54C /* Build configuration list for PBXNativeTarget "EEG2OSCTests" */ = {
			isa = XCConfigurationList;
			buildConfigurations = (
				AD8A81C118FC86400015E54C /* Debug */,
				AD8A81C218FC86400015E54C /* Release */,
			);
			defaultConfigurationIsVisible = 0;
			defaultConfigurationName = Release;
		};
/* End XCConfigurationList section */
	};
	rootObject = AD8A818418FC863F0015E54C /* Project object */;
}
